{
  "originHash" : "cccfdfba82ad703d39bff5786c38fe72f173ef0f0dd278d8c10611aba6803ca7",
  "pins" : [
    {
      "identity" : "aboutwindow",
      "kind" : "remoteSourceControl",
      "location" : "https://github.com/CodeEditApp/AboutWindow",
      "state" : {
        "revision" : "bdec18efb0dbee79613e7efa446ed3cc8e834842",
        "version" : "1.0.1"
      }
    },
    {
      "identity" : "codeeditwelcomewindow",
      "kind" : "remoteSourceControl",
      "location" : "https://github.com/CodeEditApp/CodeEditWelcomeWindow",
      "state" : {
        "branch" : "main",
        "revision" : "c42d5b24a807b98b3b5131e531eb0969762492cc"
      }
    },
    {
      "identity" : "keypathable",
      "kind" : "remoteSourceControl",
      "location" : "https://github.com/CircuitProApp/KeyPathable",
      "state" : {
        "branch" : "main",
        "revision" : "b5c2624f0863273d95f7ae0d6a2041f364043510"
      }
    },
    {
      "identity" : "resolvable",
      "kind" : "remoteSourceControl",
      "location" : "https://github.com/CircuitProApp/Resolvable",
      "state" : {
        "branch" : "main",
        "revision" : "12a5065c1d45bae170a66cb5e3edbe90c680980f"
      }
    },
    {
      "identity" : "swift-syntax",
      "kind" : "remoteSourceControl",
      "location" : "https://github.com/swiftlang/swift-syntax.git",
      "state" : {
        "revision" : "0687f71944021d616d34d922343dcef086855920",
        "version" : "600.0.1"
      }
    },
    {
      "identity" : "swiftdatapacks",
      "kind" : "remoteSourceControl",
      "location" : "https://github.com/CircuitProApp/SwiftDataPacks",
      "state" : {
        "branch" : "main",
        "revision" : "e043a1f41b208c33e3fbf634d1b86b7b5125164d"
      }
    },
    {
      "identity" : "swiftlintplugin",
      "kind" : "remoteSourceControl",
      "location" : "https://github.com/lukepistrol/SwiftLintPlugin",
      "state" : {
        "revision" : "3780efccceaa87f17ec39638a9d263d0e742b71c",
        "version" : "0.59.1"
      }
    }
  ],
  "version" : 3
}
