{
  "originHash" : "f23bfcf9a9ba15fad7000bb7c533c80d700daf4b8147c24567a6b7275c64803a",
  "pins" : [
    {
      "identity" : "swiftlintplugin",
      "kind" : "remoteSourceControl",
      "location" : "https://github.com/lukepistrol/SwiftLintPlugin",
      "state" : {
        "revision" : "3780efccceaa87f17ec39638a9d263d0e742b71c",
        "version" : "0.59.1"
      }
    }
  ],
  "version" : 3
}
