{
  "originHash" : "f4936f915f7ab2017e889210bf83b19b958c484ef117033237eb6faf125662ba",
  "pins" : [
    {
      "identity" : "aboutwindow",
      "kind" : "remoteSourceControl",
      "location" : "https://github.com/CodeEditApp/AboutWindow",
      "state" : {
        "branch" : "main",
        "revision" : "f24aabcb52a6f9b6b502ad77b311ef9e83b51aff"
      }
    },
    {
      "identity" : "codeeditwelcomewindow",
      "kind" : "remoteSourceControl",
      "location" : "https://github.com/CodeEditApp/CodeEditWelcomeWindow",
      "state" : {
        "branch" : "main",
        "revision" : "a6a0f0406fc8d9b62c7713d927f7c58ecb889df4"
      }
    },
    {
      "identity" : "swiftlintplugin",
      "kind" : "remoteSourceControl",
      "location" : "https://github.com/lukepistrol/SwiftLintPlugin",
      "state" : {
        "revision" : "3780efccceaa87f17ec39638a9d263d0e742b71c",
        "version" : "0.59.1"
      }
    }
  ],
  "version" : 3
}
